<?xml version="1.0" encoding="utf-8"?>
<Project ToolsVersion="16.0" xmlns="http://schemas.microsoft.com/developer/msbuild/2003">
  <ItemGroup>
    <CustomBuild Include="C:\mp2-lab6-table\sln\vc19\CMakeFiles\b9092ac7ba3cd64af1589d16d70d8323\generate.stamp.rule">
      <Filter>CMake Rules</Filter>
    </CustomBuild>
  </ItemGroup>
  <ItemGroup>
    <Filter Include="CMake Rules">
      <UniqueIdentifier>{30A09EE8-F11E-31CD-A64A-DE6EF0C37F32}</UniqueIdentifier>
    </Filter>
  </ItemGroup>
</Project>
